dependencies:
  espressif/libsodium:
    component_hash: 25b968723c584a2742ca36cebe5a7ef049c6767e059f7b1e1eec69946019025d
    dependencies:
    - name: idf
      require: private
      version: '>=4.2'
    source:
      registry_url: https://components.espressif.com/
      type: service
    version: 1.0.20~2
  idf:
    source:
      type: idf
    version: 5.5.1
  nikas-belogolov/nanopb:
    component_hash: f87bec16ffb47d5ceb557b7f13acb83cad95046ab155d1af33e488d1b048fddc
    dependencies:
    - name: idf
      require: private
      version: '>=5.0'
    source:
      registry_url: https://components.espressif.com/
      type: service
    version: 1.0.0
direct_dependencies:
- espressif/libsodium
- nikas-belogolov/nanopb
manifest_hash: 1dd788af0c80dbd2d81a366de167e6c23406c060bdfa995b9ed4ec468c8eceee
target: esp32s3
version: 2.0.0
